
Microsoft Visual Studio Solution File, Format Version 10.00
# Visual Studio 14
Project("{FAE04EC0-301F-11D3-BF4B-00C04F79EFBC}") = "HMS", "WpfApplication1\HMS.csproj", "{0CA83C70-5E9D-4B72-9598-E18EC00B886E}"
EndProject
Project("{FAE04EC0-301F-11D3-BF4B-00C04F79EFBC}") = "WpfControlLibrary1", "WpfControlLibrary1\WpfControlLibrary1.csproj", "{51c7f68b-8b44-44d5-81ad-1d588a1db466}"
EndProject
Global
	GlobalSection(SolutionConfigurationPlatforms) = preSolution
		Debug|Any CPU = Debug|Any CPU
		Release|Any CPU = Release|Any CPU
	EndGlobalSection
	GlobalSection(ProjectConfigurationPlatforms) = postSolution
		{0CA83C70-5E9D-4B72-9598-E18EC00B886E}.Debug|Any CPU.ActiveCfg = Debug|Any CPU
		{0CA83C70-5E9D-4B72-9598-E18EC00B886E}.Debug|Any CPU.Build.0 = Debug|Any CPU
		{0CA83C70-5E9D-4B72-9598-E18EC00B886E}.Release|Any CPU.ActiveCfg = Release|Any CPU
		{0CA83C70-5E9D-4B72-9598-E18EC00B886E}.Release|Any CPU.Build.0 = Release|Any CPU
		{51C7F68B-8B44-44D5-81AD-1D588A1DB466}.Debug|Any CPU.ActiveCfg = Debug|Any CPU
		{51C7F68B-8B44-44D5-81AD-1D588A1DB466}.Debug|Any CPU.Build.0 = Debug|Any CPU
		{51C7F68B-8B44-44D5-81AD-1D588A1DB466}.Release|Any CPU.ActiveCfg = Release|Any CPU
		{51C7F68B-8B44-44D5-81AD-1D588A1DB466}.Release|Any CPU.Build.0 = Release|Any CPU
	EndGlobalSection
	GlobalSection(SolutionProperties) = preSolution
		HideSolutionNode = FALSE
	EndGlobalSection
EndGlobal
